PODS:
  - Realm (3.13.1):
    - Realm/Headers (= 3.13.1)
  - Realm/Headers (3.13.1)
  - RealmSwift (3.13.1):
    - Realm (= 3.13.1)
  - SnapKit (4.2.0)
  - SwipeCellKit (2.5.1)

DEPENDENCIES:
  - RealmSwift
  - SnapKit (~> 4.0)
  - SwipeCellKit

SPEC CHECKSUMS:
  Realm: 50071da38fe079e0735e47c9f2eae738c68c5996
  RealmSwift: 8a1e6a02b7a08cd17a31e3115143fb69fe5f3fb9
  SnapKit: fe8a619752f3f27075cc9a90244d75c6c3f27e2a
  SwipeCellKit: 30fd6a4f8a8b8ac864ea389c8b4c8bac5ba5471a

PODFILE CHECKSUM: f80b8e317c07c239c56e7797e91041e9844954fc

COCOAPODS: 1.4.0
