// !$*UTF8*$!
{
	archiveVersion = 1;
	classes = {
	};
	objectVersion = 50;
	objects = {

/* Begin PBXBuildFile section */
		0275788A4B58FFC460D20C8E /* Pods_Mes_Listes.framework in Frameworks */ = {isa = PBXBuildFile; fileRef = 3A93D742BF7FE4BCFE3ABA8E /* Pods_Mes_Listes.framework */; };
		4C1C5898212C4E240084AF39 /* AutoLayoutAnchorEXT.swift in Sources */ = {isa = PBXBuildFile; fileRef = 4C1C5897212C4E240084AF39 /* AutoLayoutAnchorEXT.swift */; };
		4C1DFC0820DFEBB200F3D459 /* ItemTableViewController.swift in Sources */ = {isa = PBXBuildFile; fileRef = 4C1DFC0720DFEBB200F3D459 /* ItemTableViewController.swift */; };
		4C1DFC0A20DFF91800F3D459 /* Item.swift in Sources */ = {isa = PBXBuildFile; fileRef = 4C1DFC0920DFF91800F3D459 /* Item.swift */; };
		4C1EB04920D7A0DC0056F1B5 /* DatePickerPopupViewController.swift in Sources */ = {isa = PBXBuildFile; fileRef = 4C1EB04820D7A0DC0056F1B5 /* DatePickerPopupViewController.swift */; };
		4C2158CB20DC0C7700403BCE /* SwipeTableViewController.swift in Sources */ = {isa = PBXBuildFile; fileRef = 4C2158CA20DC0C7700403BCE /* SwipeTableViewController.swift */; };
		4C239A9220D51B36004A0089 /* AppDelegate.swift in Sources */ = {isa = PBXBuildFile; fileRef = 4C239A9120D51B36004A0089 /* AppDelegate.swift */; };
		4C239A9920D51B37004A0089 /* Assets.xcassets in Resources */ = {isa = PBXBuildFile; fileRef = 4C239A9820D51B37004A0089 /* Assets.xcassets */; };
		4C239A9C20D51B37004A0089 /* LaunchScreen.storyboard in Resources */ = {isa = PBXBuildFile; fileRef = 4C239A9A20D51B37004A0089 /* LaunchScreen.storyboard */; };
		4C239AA620D51B73004A0089 /* Liste.swift in Sources */ = {isa = PBXBuildFile; fileRef = 4C239AA320D51B73004A0089 /* Liste.swift */; };
		4C239AA720D51B73004A0089 /* Main.storyboard in Resources */ = {isa = PBXBuildFile; fileRef = 4C239AA420D51B73004A0089 /* Main.storyboard */; };
		4C239AA820D51B73004A0089 /* ListViewController.swift in Sources */ = {isa = PBXBuildFile; fileRef = 4C239AA520D51B73004A0089 /* ListViewController.swift */; };
		4C250046212CA3ED004215D8 /* TextFieldPaddingEXT.swift in Sources */ = {isa = PBXBuildFile; fileRef = 4C250045212CA3ED004215D8 /* TextFieldPaddingEXT.swift */; };
		4C25004A2139C134004215D8 /* UIView.swift in Sources */ = {isa = PBXBuildFile; fileRef = 4C2500492139C134004215D8 /* UIView.swift */; };
		4C25004C213C7D24004215D8 /* UIButton + Border.swift in Sources */ = {isa = PBXBuildFile; fileRef = 4C25004B213C7D24004215D8 /* UIButton + Border.swift */; };
		4C25E0C720ED3564003AF851 /* NoteViewController.swift in Sources */ = {isa = PBXBuildFile; fileRef = 4C25E0C620ED3564003AF851 /* NoteViewController.swift */; };
		4C8E0D492147E0FD00214308 /* TextInputForItemVC.swift in Sources */ = {isa = PBXBuildFile; fileRef = 4C8E0D482147E0FD00214308 /* TextInputForItemVC.swift */; };
		4CA5BE312126E9EA00EB6457 /* Coordinator.swift in Sources */ = {isa = PBXBuildFile; fileRef = 4CA5BE302126E9EA00EB6457 /* Coordinator.swift */; };
		4CA5BE342126FB1100EB6457 /* ListeTableViewCell.swift in Sources */ = {isa = PBXBuildFile; fileRef = 4CA5BE332126FB1100EB6457 /* ListeTableViewCell.swift */; };
		4CA5BE3C2127772D00EB6457 /* Fontfabric.otf in Resources */ = {isa = PBXBuildFile; fileRef = 4CA5BE3B2127772D00EB6457 /* Fontfabric.otf */; };
		4CA5BE3E2128766900EB6457 /* ItemTableViewCell.swift in Sources */ = {isa = PBXBuildFile; fileRef = 4CA5BE3D2128766900EB6457 /* ItemTableViewCell.swift */; };
		4CA5BE40212876E800EB6457 /* UserTextInputViewController.swift in Sources */ = {isa = PBXBuildFile; fileRef = 4CA5BE3F212876E800EB6457 /* UserTextInputViewController.swift */; };
		4CA5BE43212AFE1700EB6457 /* ViewController.swift in Sources */ = {isa = PBXBuildFile; fileRef = 4CA5BE42212AFE1700EB6457 /* ViewController.swift */; };
		63F0143F2145048A00465256 /* UIScrollView+Extension.swift in Sources */ = {isa = PBXBuildFile; fileRef = 63F0143E2145048800465256 /* UIScrollView+Extension.swift */; };
/* End PBXBuildFile section */

/* Begin PBXFileReference section */
		3A93D742BF7FE4BCFE3ABA8E /* Pods_Mes_Listes.framework */ = {isa = PBXFileReference; explicitFileType = wrapper.framework; includeInIndex = 0; path = Pods_Mes_Listes.framework; sourceTree = BUILT_PRODUCTS_DIR; };
		4C1C5897212C4E240084AF39 /* AutoLayoutAnchorEXT.swift */ = {isa = PBXFileReference; fileEncoding = 4; lastKnownFileType = sourcecode.swift; path = AutoLayoutAnchorEXT.swift; sourceTree = "<group>"; };
		4C1DFC0720DFEBB200F3D459 /* ItemTableViewController.swift */ = {isa = PBXFileReference; lastKnownFileType = sourcecode.swift; path = ItemTableViewController.swift; sourceTree = "<group>"; };
		4C1DFC0920DFF91800F3D459 /* Item.swift */ = {isa = PBXFileReference; lastKnownFileType = sourcecode.swift; path = Item.swift; sourceTree = "<group>"; };
		4C1EB04820D7A0DC0056F1B5 /* DatePickerPopupViewController.swift */ = {isa = PBXFileReference; lastKnownFileType = sourcecode.swift; path = DatePickerPopupViewController.swift; sourceTree = "<group>"; };
		4C2158CA20DC0C7700403BCE /* SwipeTableViewController.swift */ = {isa = PBXFileReference; fileEncoding = 4; lastKnownFileType = sourcecode.swift; path = SwipeTableViewController.swift; sourceTree = "<group>"; };
		4C239A8E20D51B36004A0089 /* Mes Listes.app */ = {isa = PBXFileReference; explicitFileType = wrapper.application; includeInIndex = 0; path = "Mes Listes.app"; sourceTree = BUILT_PRODUCTS_DIR; };
		4C239A9120D51B36004A0089 /* AppDelegate.swift */ = {isa = PBXFileReference; lastKnownFileType = sourcecode.swift; path = AppDelegate.swift; sourceTree = "<group>"; };
		4C239A9820D51B37004A0089 /* Assets.xcassets */ = {isa = PBXFileReference; lastKnownFileType = folder.assetcatalog; path = Assets.xcassets; sourceTree = "<group>"; };
		4C239A9B20D51B37004A0089 /* Base */ = {isa = PBXFileReference; lastKnownFileType = file.storyboard; name = Base; path = Base.lproj/LaunchScreen.storyboard; sourceTree = "<group>"; };
		4C239A9D20D51B37004A0089 /* Info.plist */ = {isa = PBXFileReference; lastKnownFileType = text.plist.xml; path = Info.plist; sourceTree = "<group>"; };
		4C239AA320D51B73004A0089 /* Liste.swift */ = {isa = PBXFileReference; fileEncoding = 4; lastKnownFileType = sourcecode.swift; path = Liste.swift; sourceTree = "<group>"; };
		4C239AA420D51B73004A0089 /* Main.storyboard */ = {isa = PBXFileReference; fileEncoding = 4; lastKnownFileType = file.storyboard; path = Main.storyboard; sourceTree = "<group>"; };
		4C239AA520D51B73004A0089 /* ListViewController.swift */ = {isa = PBXFileReference; fileEncoding = 4; lastKnownFileType = sourcecode.swift; path = ListViewController.swift; sourceTree = "<group>"; };
		4C250045212CA3ED004215D8 /* TextFieldPaddingEXT.swift */ = {isa = PBXFileReference; lastKnownFileType = sourcecode.swift; path = TextFieldPaddingEXT.swift; sourceTree = "<group>"; };
		4C2500492139C134004215D8 /* UIView.swift */ = {isa = PBXFileReference; lastKnownFileType = sourcecode.swift; path = UIView.swift; sourceTree = "<group>"; };
		4C25004B213C7D24004215D8 /* UIButton + Border.swift */ = {isa = PBXFileReference; lastKnownFileType = sourcecode.swift; path = "UIButton + Border.swift"; sourceTree = "<group>"; };
		4C25E0C620ED3564003AF851 /* NoteViewController.swift */ = {isa = PBXFileReference; lastKnownFileType = sourcecode.swift; path = NoteViewController.swift; sourceTree = "<group>"; };
		4C8E0D482147E0FD00214308 /* TextInputForItemVC.swift */ = {isa = PBXFileReference; lastKnownFileType = sourcecode.swift; path = TextInputForItemVC.swift; sourceTree = "<group>"; };
		4CA5BE302126E9EA00EB6457 /* Coordinator.swift */ = {isa = PBXFileReference; lastKnownFileType = sourcecode.swift; path = Coordinator.swift; sourceTree = "<group>"; };
		4CA5BE332126FB1100EB6457 /* ListeTableViewCell.swift */ = {isa = PBXFileReference; lastKnownFileType = sourcecode.swift; path = ListeTableViewCell.swift; sourceTree = "<group>"; };
		4CA5BE3B2127772D00EB6457 /* Fontfabric.otf */ = {isa = PBXFileReference; lastKnownFileType = file; path = Fontfabric.otf; sourceTree = "<group>"; };
		4CA5BE3D2128766900EB6457 /* ItemTableViewCell.swift */ = {isa = PBXFileReference; lastKnownFileType = sourcecode.swift; path = ItemTableViewCell.swift; sourceTree = "<group>"; };
		4CA5BE3F212876E800EB6457 /* UserTextInputViewController.swift */ = {isa = PBXFileReference; lastKnownFileType = sourcecode.swift; path = UserTextInputViewController.swift; sourceTree = "<group>"; };
		4CA5BE42212AFE1700EB6457 /* ViewController.swift */ = {isa = PBXFileReference; lastKnownFileType = sourcecode.swift; path = ViewController.swift; sourceTree = "<group>"; };
		63F0143E2145048800465256 /* UIScrollView+Extension.swift */ = {isa = PBXFileReference; fileEncoding = 4; lastKnownFileType = sourcecode.swift; path = "UIScrollView+Extension.swift"; sourceTree = "<group>"; };
		728AAED0934248CEE6DA1D88 /* Pods-Mes Listes.debug.xcconfig */ = {isa = PBXFileReference; includeInIndex = 1; lastKnownFileType = text.xcconfig; name = "Pods-Mes Listes.debug.xcconfig"; path = "Pods/Target Support Files/Pods-Mes Listes/Pods-Mes Listes.debug.xcconfig"; sourceTree = "<group>"; };
		FDEA6D9EE3FABA11FD24A774 /* Pods-Mes Listes.release.xcconfig */ = {isa = PBXFileReference; includeInIndex = 1; lastKnownFileType = text.xcconfig; name = "Pods-Mes Listes.release.xcconfig"; path = "Pods/Target Support Files/Pods-Mes Listes/Pods-Mes Listes.release.xcconfig"; sourceTree = "<group>"; };
/* End PBXFileReference section */

/* Begin PBXFrameworksBuildPhase section */
		4C239A8B20D51B36004A0089 /* Frameworks */ = {
			isa = PBXFrameworksBuildPhase;
			buildActionMask = 2147483647;
			files = (
				0275788A4B58FFC460D20C8E /* Pods_Mes_Listes.framework in Frameworks */,
			);
			runOnlyForDeploymentPostprocessing = 0;
		};
/* End PBXFrameworksBuildPhase section */

/* Begin PBXGroup section */
		4C239A8520D51B36004A0089 = {
			isa = PBXGroup;
			children = (
				4C239A9020D51B36004A0089 /* Mes Listes */,
				4C239A8F20D51B36004A0089 /* Products */,
				DA08D1F700BCAF402E0E9967 /* Pods */,
				FCFF5696D34D42B279034462 /* Frameworks */,
			);
			sourceTree = "<group>";
		};
		4C239A8F20D51B36004A0089 /* Products */ = {
			isa = PBXGroup;
			children = (
				4C239A8E20D51B36004A0089 /* Mes Listes.app */,
			);
			name = Products;
			sourceTree = "<group>";
		};
		4C239A9020D51B36004A0089 /* Mes Listes */ = {
			isa = PBXGroup;
			children = (
				4CA5BE302126E9EA00EB6457 /* Coordinator.swift */,
				4C239A9120D51B36004A0089 /* AppDelegate.swift */,
				4CA5BE322126FABB00EB6457 /* Views */,
				4C239AA920D51B8D004A0089 /* Data Model */,
				4C239AAA20D51B9A004A0089 /* controllers */,
				4C239AAB20D51BA7004A0089 /* supporting files */,
				4C239A9D20D51B37004A0089 /* Info.plist */,
			);
			path = "Mes Listes";
			sourceTree = "<group>";
		};
		4C239AA920D51B8D004A0089 /* Data Model */ = {
			isa = PBXGroup;
			children = (
				4C239AA320D51B73004A0089 /* Liste.swift */,
				4C1DFC0920DFF91800F3D459 /* Item.swift */,
			);
			path = "Data Model";
			sourceTree = "<group>";
		};
		4C239AAA20D51B9A004A0089 /* controllers */ = {
			isa = PBXGroup;
			children = (
				4C8E0D482147E0FD00214308 /* TextInputForItemVC.swift */,
				4C239AA520D51B73004A0089 /* ListViewController.swift */,
				4C1DFC0720DFEBB200F3D459 /* ItemTableViewController.swift */,
				4C25E0C620ED3564003AF851 /* NoteViewController.swift */,
				4CA5BE3F212876E800EB6457 /* UserTextInputViewController.swift */,
				4C1EB04820D7A0DC0056F1B5 /* DatePickerPopupViewController.swift */,
				4C2158CA20DC0C7700403BCE /* SwipeTableViewController.swift */,
			);
			path = controllers;
			sourceTree = "<group>";
		};
		4C239AAB20D51BA7004A0089 /* supporting files */ = {
			isa = PBXGroup;
			children = (
				4CA5BE41212AFDF300EB6457 /* extensions */,
				4C239AA420D51B73004A0089 /* Main.storyboard */,
				4C239A9820D51B37004A0089 /* Assets.xcassets */,
				4CA5BE352127703E00EB6457 /* Fonts */,
				4C239A9A20D51B37004A0089 /* LaunchScreen.storyboard */,
			);
			path = "supporting files";
			sourceTree = "<group>";
		};
		4CA5BE322126FABB00EB6457 /* Views */ = {
			isa = PBXGroup;
			children = (
				4CA5BE332126FB1100EB6457 /* ListeTableViewCell.swift */,
				4CA5BE3D2128766900EB6457 /* ItemTableViewCell.swift */,
			);
			path = Views;
			sourceTree = "<group>";
		};
		4CA5BE352127703E00EB6457 /* Fonts */ = {
			isa = PBXGroup;
			children = (
				4CA5BE3B2127772D00EB6457 /* Fontfabric.otf */,
			);
			path = Fonts;
			sourceTree = "<group>";
		};
		4CA5BE41212AFDF300EB6457 /* extensions */ = {
			isa = PBXGroup;
			children = (
				63F0143E2145048800465256 /* UIScrollView+Extension.swift */,
				4C25004B213C7D24004215D8 /* UIButton + Border.swift */,
				4C250045212CA3ED004215D8 /* TextFieldPaddingEXT.swift */,
				4C1C5897212C4E240084AF39 /* AutoLayoutAnchorEXT.swift */,
				4CA5BE42212AFE1700EB6457 /* ViewController.swift */,
				4C2500492139C134004215D8 /* UIView.swift */,
			);
			path = extensions;
			sourceTree = "<group>";
		};
		DA08D1F700BCAF402E0E9967 /* Pods */ = {
			isa = PBXGroup;
			children = (
				728AAED0934248CEE6DA1D88 /* Pods-Mes Listes.debug.xcconfig */,
				FDEA6D9EE3FABA11FD24A774 /* Pods-Mes Listes.release.xcconfig */,
			);
			name = Pods;
			sourceTree = "<group>";
		};
		FCFF5696D34D42B279034462 /* Frameworks */ = {
			isa = PBXGroup;
			children = (
				3A93D742BF7FE4BCFE3ABA8E /* Pods_Mes_Listes.framework */,
			);
			name = Frameworks;
			sourceTree = "<group>";
		};
/* End PBXGroup section */

/* Begin PBXNativeTarget section */
		4C239A8D20D51B36004A0089 /* Mes Listes */ = {
			isa = PBXNativeTarget;
			buildConfigurationList = 4C239AA020D51B37004A0089 /* Build configuration list for PBXNativeTarget "Mes Listes" */;
			buildPhases = (
				C82B4CF8BB092C2B8D77FF40 /* [CP] Check Pods Manifest.lock */,
				4C239A8A20D51B36004A0089 /* Sources */,
				4C239A8B20D51B36004A0089 /* Frameworks */,
				4C239A8C20D51B36004A0089 /* Resources */,
				F3875F05BD83153D4BCD61A1 /* [CP] Embed Pods Frameworks */,
				F8AB777B144D209652E6347F /* [CP] Copy Pods Resources */,
			);
			buildRules = (
			);
			dependencies = (
			);
			name = "Mes Listes";
			productName = "Mes Listes";
			productReference = 4C239A8E20D51B36004A0089 /* Mes Listes.app */;
			productType = "com.apple.product-type.application";
		};
/* End PBXNativeTarget section */

/* Begin PBXProject section */
		4C239A8620D51B36004A0089 /* Project object */ = {
			isa = PBXProject;
			attributes = {
				LastSwiftUpdateCheck = 0940;
				LastUpgradeCheck = 0940;
				ORGANIZATIONNAME = "Ana Viktoriv";
				TargetAttributes = {
					4C239A8D20D51B36004A0089 = {
						CreatedOnToolsVersion = 9.4;
						LastSwiftMigration = 1000;
					};
				};
			};
			buildConfigurationList = 4C239A8920D51B36004A0089 /* Build configuration list for PBXProject "Mes Listes" */;
			compatibilityVersion = "Xcode 9.3";
			developmentRegion = en;
			hasScannedForEncodings = 0;
			knownRegions = (
				en,
				Base,
			);
			mainGroup = 4C239A8520D51B36004A0089;
			productRefGroup = 4C239A8F20D51B36004A0089 /* Products */;
			projectDirPath = "";
			projectRoot = "";
			targets = (
				4C239A8D20D51B36004A0089 /* Mes Listes */,
			);
		};
/* End PBXProject section */

/* Begin PBXResourcesBuildPhase section */
		4C239A8C20D51B36004A0089 /* Resources */ = {
			isa = PBXResourcesBuildPhase;
			buildActionMask = 2147483647;
			files = (
				4C239A9C20D51B37004A0089 /* LaunchScreen.storyboard in Resources */,
				4C239A9920D51B37004A0089 /* Assets.xcassets in Resources */,
				4C239AA720D51B73004A0089 /* Main.storyboard in Resources */,
				4CA5BE3C2127772D00EB6457 /* Fontfabric.otf in Resources */,
			);
			runOnlyForDeploymentPostprocessing = 0;
		};
/* End PBXResourcesBuildPhase section */

/* Begin PBXShellScriptBuildPhase section */
		C82B4CF8BB092C2B8D77FF40 /* [CP] Check Pods Manifest.lock */ = {
			isa = PBXShellScriptBuildPhase;
			buildActionMask = 2147483647;
			files = (
			);
			inputPaths = (
				"${PODS_PODFILE_DIR_PATH}/Podfile.lock",
				"${PODS_ROOT}/Manifest.lock",
			);
			name = "[CP] Check Pods Manifest.lock";
			outputPaths = (
				"$(DERIVED_FILE_DIR)/Pods-Mes Listes-checkManifestLockResult.txt",
			);
			runOnlyForDeploymentPostprocessing = 0;
			shellPath = /bin/sh;
			shellScript = "diff \"${PODS_PODFILE_DIR_PATH}/Podfile.lock\" \"${PODS_ROOT}/Manifest.lock\" > /dev/null\nif [ $? != 0 ] ; then\n    # print error to STDERR\n    echo \"error: The sandbox is not in sync with the Podfile.lock. Run 'pod install' or update your CocoaPods installation.\" >&2\n    exit 1\nfi\n# This output is used by Xcode 'outputs' to avoid re-running this script phase.\necho \"SUCCESS\" > \"${SCRIPT_OUTPUT_FILE_0}\"\n";
			showEnvVarsInLog = 0;
		};
		F3875F05BD83153D4BCD61A1 /* [CP] Embed Pods Frameworks */ = {
			isa = PBXShellScriptBuildPhase;
			buildActionMask = 2147483647;
			files = (
			);
			inputPaths = (
				"${SRCROOT}/Pods/Target Support Files/Pods-Mes Listes/Pods-Mes Listes-frameworks.sh",
				"${BUILT_PRODUCTS_DIR}/Realm/Realm.framework",
				"${BUILT_PRODUCTS_DIR}/RealmSwift/RealmSwift.framework",
				"${BUILT_PRODUCTS_DIR}/SnapKit/SnapKit.framework",
				"${BUILT_PRODUCTS_DIR}/SwipeCellKit/SwipeCellKit.framework",
			);
			name = "[CP] Embed Pods Frameworks";
			outputPaths = (
				"${TARGET_BUILD_DIR}/${FRAMEWORKS_FOLDER_PATH}/Realm.framework",
				"${TARGET_BUILD_DIR}/${FRAMEWORKS_FOLDER_PATH}/RealmSwift.framework",
				"${TARGET_BUILD_DIR}/${FRAMEWORKS_FOLDER_PATH}/SnapKit.framework",
				"${TARGET_BUILD_DIR}/${FRAMEWORKS_FOLDER_PATH}/SwipeCellKit.framework",
			);
			runOnlyForDeploymentPostprocessing = 0;
			shellPath = /bin/sh;
			shellScript = "\"${SRCROOT}/Pods/Target Support Files/Pods-Mes Listes/Pods-Mes Listes-frameworks.sh\"\n";
			showEnvVarsInLog = 0;
		};
		F8AB777B144D209652E6347F /* [CP] Copy Pods Resources */ = {
			isa = PBXShellScriptBuildPhase;
			buildActionMask = 2147483647;
			files = (
			);
			inputPaths = (
			);
			name = "[CP] Copy Pods Resources";
			outputPaths = (
			);
			runOnlyForDeploymentPostprocessing = 0;
			shellPath = /bin/sh;
			shellScript = "\"${SRCROOT}/Pods/Target Support Files/Pods-Mes Listes/Pods-Mes Listes-resources.sh\"\n";
			showEnvVarsInLog = 0;
		};
/* End PBXShellScriptBuildPhase section */

/* Begin PBXSourcesBuildPhase section */
		4C239A8A20D51B36004A0089 /* Sources */ = {
			isa = PBXSourcesBuildPhase;
			buildActionMask = 2147483647;
			files = (
				4C250046212CA3ED004215D8 /* TextFieldPaddingEXT.swift in Sources */,
				4C25004C213C7D24004215D8 /* UIButton + Border.swift in Sources */,
				4C25E0C720ED3564003AF851 /* NoteViewController.swift in Sources */,
				4CA5BE40212876E800EB6457 /* UserTextInputViewController.swift in Sources */,
				4C239A9220D51B36004A0089 /* AppDelegate.swift in Sources */,
				4C1EB04920D7A0DC0056F1B5 /* DatePickerPopupViewController.swift in Sources */,
				4C1C5898212C4E240084AF39 /* AutoLayoutAnchorEXT.swift in Sources */,
				4C2158CB20DC0C7700403BCE /* SwipeTableViewController.swift in Sources */,
				4C1DFC0A20DFF91800F3D459 /* Item.swift in Sources */,
				4C239AA820D51B73004A0089 /* ListViewController.swift in Sources */,
				4C239AA620D51B73004A0089 /* Liste.swift in Sources */,
				4CA5BE43212AFE1700EB6457 /* ViewController.swift in Sources */,
				4CA5BE342126FB1100EB6457 /* ListeTableViewCell.swift in Sources */,
				4C8E0D492147E0FD00214308 /* TextInputForItemVC.swift in Sources */,
				63F0143F2145048A00465256 /* UIScrollView+Extension.swift in Sources */,
				4C25004A2139C134004215D8 /* UIView.swift in Sources */,
				4C1DFC0820DFEBB200F3D459 /* ItemTableViewController.swift in Sources */,
				4CA5BE3E2128766900EB6457 /* ItemTableViewCell.swift in Sources */,
				4CA5BE312126E9EA00EB6457 /* Coordinator.swift in Sources */,
			);
			runOnlyForDeploymentPostprocessing = 0;
		};
/* End PBXSourcesBuildPhase section */

/* Begin PBXVariantGroup section */
		4C239A9A20D51B37004A0089 /* LaunchScreen.storyboard */ = {
			isa = PBXVariantGroup;
			children = (
				4C239A9B20D51B37004A0089 /* Base */,
			);
			name = LaunchScreen.storyboard;
			sourceTree = "<group>";
		};
/* End PBXVariantGroup section */

/* Begin XCBuildConfiguration section */
		4C239A9E20D51B37004A0089 /* Debug */ = {
			isa = XCBuildConfiguration;
			buildSettings = {
				ALWAYS_SEARCH_USER_PATHS = NO;
				CLANG_ANALYZER_NONNULL = YES;
				CLANG_ANALYZER_NUMBER_OBJECT_CONVERSION = YES_AGGRESSIVE;
				CLANG_CXX_LANGUAGE_STANDARD = "gnu++14";
				CLANG_CXX_LIBRARY = "libc++";
				CLANG_ENABLE_MODULES = YES;
				CLANG_ENABLE_OBJC_ARC = YES;
				CLANG_ENABLE_OBJC_WEAK = YES;
				CLANG_WARN_BLOCK_CAPTURE_AUTORELEASING = YES;
				CLANG_WARN_BOOL_CONVERSION = YES;
				CLANG_WARN_COMMA = YES;
				CLANG_WARN_CONSTANT_CONVERSION = YES;
				CLANG_WARN_DEPRECATED_OBJC_IMPLEMENTATIONS = YES;
				CLANG_WARN_DIRECT_OBJC_ISA_USAGE = YES_ERROR;
				CLANG_WARN_DOCUMENTATION_COMMENTS = YES;
				CLANG_WARN_EMPTY_BODY = YES;
				CLANG_WARN_ENUM_CONVERSION = YES;
				CLANG_WARN_INFINITE_RECURSION = YES;
				CLANG_WARN_INT_CONVERSION = YES;
				CLANG_WARN_NON_LITERAL_NULL_CONVERSION = YES;
				CLANG_WARN_OBJC_IMPLICIT_RETAIN_SELF = YES;
				CLANG_WARN_OBJC_LITERAL_CONVERSION = YES;
				CLANG_WARN_OBJC_ROOT_CLASS = YES_ERROR;
				CLANG_WARN_RANGE_LOOP_ANALYSIS = YES;
				CLANG_WARN_STRICT_PROTOTYPES = YES;
				CLANG_WARN_SUSPICIOUS_MOVE = YES;
				CLANG_WARN_UNGUARDED_AVAILABILITY = YES_AGGRESSIVE;
				CLANG_WARN_UNREACHABLE_CODE = YES;
				CLANG_WARN__DUPLICATE_METHOD_MATCH = YES;
				CODE_SIGN_IDENTITY = "iPhone Developer";
				COPY_PHASE_STRIP = NO;
				DEBUG_INFORMATION_FORMAT = dwarf;
				ENABLE_STRICT_OBJC_MSGSEND = YES;
				ENABLE_TESTABILITY = YES;
				GCC_C_LANGUAGE_STANDARD = gnu11;
				GCC_DYNAMIC_NO_PIC = NO;
				GCC_NO_COMMON_BLOCKS = YES;
				GCC_OPTIMIZATION_LEVEL = 0;
				GCC_PREPROCESSOR_DEFINITIONS = (
					"DEBUG=1",
					"$(inherited)",
				);
				GCC_WARN_64_TO_32_BIT_CONVERSION = YES;
				GCC_WARN_ABOUT_RETURN_TYPE = YES_ERROR;
				GCC_WARN_UNDECLARED_SELECTOR = YES;
				GCC_WARN_UNINITIALIZED_AUTOS = YES_AGGRESSIVE;
				GCC_WARN_UNUSED_FUNCTION = YES;
				GCC_WARN_UNUSED_VARIABLE = YES;
				IPHONEOS_DEPLOYMENT_TARGET = 11.4;
				MTL_ENABLE_DEBUG_INFO = YES;
				ONLY_ACTIVE_ARCH = YES;
				SDKROOT = iphoneos;
				SWIFT_ACTIVE_COMPILATION_CONDITIONS = DEBUG;
				SWIFT_OPTIMIZATION_LEVEL = "-Onone";
			};
			name = Debug;
		};
		4C239A9F20D51B37004A0089 /* Release */ = {
			isa = XCBuildConfiguration;
			buildSettings = {
				ALWAYS_SEARCH_USER_PATHS = NO;
				CLANG_ANALYZER_NONNULL = YES;
				CLANG_ANALYZER_NUMBER_OBJECT_CONVERSION = YES_AGGRESSIVE;
				CLANG_CXX_LANGUAGE_STANDARD = "gnu++14";
				CLANG_CXX_LIBRARY = "libc++";
				CLANG_ENABLE_MODULES = YES;
				CLANG_ENABLE_OBJC_ARC = YES;
				CLANG_ENABLE_OBJC_WEAK = YES;
				CLANG_WARN_BLOCK_CAPTURE_AUTORELEASING = YES;
				CLANG_WARN_BOOL_CONVERSION = YES;
				CLANG_WARN_COMMA = YES;
				CLANG_WARN_CONSTANT_CONVERSION = YES;
				CLANG_WARN_DEPRECATED_OBJC_IMPLEMENTATIONS = YES;
				CLANG_WARN_DIRECT_OBJC_ISA_USAGE = YES_ERROR;
				CLANG_WARN_DOCUMENTATION_COMMENTS = YES;
				CLANG_WARN_EMPTY_BODY = YES;
				CLANG_WARN_ENUM_CONVERSION = YES;
				CLANG_WARN_INFINITE_RECURSION = YES;
				CLANG_WARN_INT_CONVERSION = YES;
				CLANG_WARN_NON_LITERAL_NULL_CONVERSION = YES;
				CLANG_WARN_OBJC_IMPLICIT_RETAIN_SELF = YES;
				CLANG_WARN_OBJC_LITERAL_CONVERSION = YES;
				CLANG_WARN_OBJC_ROOT_CLASS = YES_ERROR;
				CLANG_WARN_RANGE_LOOP_ANALYSIS = YES;
				CLANG_WARN_STRICT_PROTOTYPES = YES;
				CLANG_WARN_SUSPICIOUS_MOVE = YES;
				CLANG_WARN_UNGUARDED_AVAILABILITY = YES_AGGRESSIVE;
				CLANG_WARN_UNREACHABLE_CODE = YES;
				CLANG_WARN__DUPLICATE_METHOD_MATCH = YES;
				CODE_SIGN_IDENTITY = "iPhone Developer";
				COPY_PHASE_STRIP = NO;
				DEBUG_INFORMATION_FORMAT = "dwarf-with-dsym";
				ENABLE_NS_ASSERTIONS = NO;
				ENABLE_STRICT_OBJC_MSGSEND = YES;
				GCC_C_LANGUAGE_STANDARD = gnu11;
				GCC_NO_COMMON_BLOCKS = YES;
				GCC_WARN_64_TO_32_BIT_CONVERSION = YES;
				GCC_WARN_ABOUT_RETURN_TYPE = YES_ERROR;
				GCC_WARN_UNDECLARED_SELECTOR = YES;
				GCC_WARN_UNINITIALIZED_AUTOS = YES_AGGRESSIVE;
				GCC_WARN_UNUSED_FUNCTION = YES;
				GCC_WARN_UNUSED_VARIABLE = YES;
				IPHONEOS_DEPLOYMENT_TARGET = 11.4;
				MTL_ENABLE_DEBUG_INFO = NO;
				SDKROOT = iphoneos;
				SWIFT_COMPILATION_MODE = wholemodule;
				SWIFT_OPTIMIZATION_LEVEL = "-O";
				VALIDATE_PRODUCT = YES;
			};
			name = Release;
		};
		4C239AA120D51B37004A0089 /* Debug */ = {
			isa = XCBuildConfiguration;
			baseConfigurationReference = 728AAED0934248CEE6DA1D88 /* Pods-Mes Listes.debug.xcconfig */;
			buildSettings = {
				ASSETCATALOG_COMPILER_APPICON_NAME = AppIcon;
				CODE_SIGN_STYLE = Automatic;
				DEVELOPMENT_TEAM = 5L8ZCK6563;
				INFOPLIST_FILE = "Mes Listes/Info.plist";
				IPHONEOS_DEPLOYMENT_TARGET = 11.0;
				LD_RUNPATH_SEARCH_PATHS = (
					"$(inherited)",
					"@executable_path/Frameworks",
				);
				PRODUCT_BUNDLE_IDENTIFIER = "com.anaviktoriv.Mes-Listes";
				PRODUCT_NAME = "$(TARGET_NAME)";
				SWIFT_VERSION = 4.2;
				TARGETED_DEVICE_FAMILY = 1;
			};
			name = Debug;
		};
		4C239AA220D51B37004A0089 /* Release */ = {
			isa = XCBuildConfiguration;
			baseConfigurationReference = FDEA6D9EE3FABA11FD24A774 /* Pods-Mes Listes.release.xcconfig */;
			buildSettings = {
				ASSETCATALOG_COMPILER_APPICON_NAME = AppIcon;
				CODE_SIGN_STYLE = Automatic;
				DEVELOPMENT_TEAM = 5L8ZCK6563;
				INFOPLIST_FILE = "Mes Listes/Info.plist";
				IPHONEOS_DEPLOYMENT_TARGET = 11.0;
				LD_RUNPATH_SEARCH_PATHS = (
					"$(inherited)",
					"@executable_path/Frameworks",
				);
				PRODUCT_BUNDLE_IDENTIFIER = "com.anaviktoriv.Mes-Listes";
				PRODUCT_NAME = "$(TARGET_NAME)";
				SWIFT_VERSION = 4.2;
				TARGETED_DEVICE_FAMILY = 1;
			};
			name = Release;
		};
/* End XCBuildConfiguration section */

/* Begin XCConfigurationList section */
		4C239A8920D51B36004A0089 /* Build configuration list for PBXProject "Mes Listes" */ = {
			isa = XCConfigurationList;
			buildConfigurations = (
				4C239A9E20D51B37004A0089 /* Debug */,
				4C239A9F20D51B37004A0089 /* Release */,
			);
			defaultConfigurationIsVisible = 0;
			defaultConfigurationName = Release;
		};
		4C239AA020D51B37004A0089 /* Build configuration list for PBXNativeTarget "Mes Listes" */ = {
			isa = XCConfigurationList;
			buildConfigurations = (
				4C239AA120D51B37004A0089 /* Debug */,
				4C239AA220D51B37004A0089 /* Release */,
			);
			defaultConfigurationIsVisible = 0;
			defaultConfigurationName = Release;
		};
/* End XCConfigurationList section */
	};
	rootObject = 4C239A8620D51B36004A0089 /* Project object */;
}
